
Microsoft Visual Studio Solution File, Format Version 12.00
# Visual Studio Version 17
VisualStudioVersion = 17.13.35828.75
MinimumVisualStudioVersion = 10.0.40219.1
Project("{FAE04EC0-301F-11D3-BF4B-00C04F79EFBC}") = "Elearning.API", "Elearning.API.csproj", "{C254E6A4-893C-48C2-B4C5-4382C22A78D0}"
EndProject
Project("{FAE04EC0-301F-11D3-BF4B-00C04F79EFBC}") = "Data", "..\Data\Data.csproj", "{E1BCBE44-5A5E-45EA-A890-FAD51139114B}"
EndProject
Project("{FAE04EC0-301F-11D3-BF4B-00C04F79EFBC}") = "Elearning.Mobile", "..\..\mobile\Elearning.Mobile\Elearning.Mobile.csproj", "{F147C565-5879-7E9D-09A7-6B354D28DE05}"
EndProject
Global
	GlobalSection(SolutionConfigurationPlatforms) = preSolution
		Debug|Any CPU = Debug|Any CPU
		Release|Any CPU = Release|Any CPU
	EndGlobalSection
	GlobalSection(ProjectConfigurationPlatforms) = postSolution
		{C254E6A4-893C-48C2-B4C5-4382C22A78D0}.Debug|Any CPU.ActiveCfg = Debug|Any CPU
		{C254E6A4-893C-48C2-B4C5-4382C22A78D0}.Debug|Any CPU.Build.0 = Debug|Any CPU
		{C254E6A4-893C-48C2-B4C5-4382C22A78D0}.Release|Any CPU.ActiveCfg = Release|Any CPU
		{C254E6A4-893C-48C2-B4C5-4382C22A78D0}.Release|Any CPU.Build.0 = Release|Any CPU
		{E1BCBE44-5A5E-45EA-A890-FAD51139114B}.Debug|Any CPU.ActiveCfg = Debug|Any CPU
		{E1BCBE44-5A5E-45EA-A890-FAD51139114B}.Debug|Any CPU.Build.0 = Debug|Any CPU
		{E1BCBE44-5A5E-45EA-A890-FAD51139114B}.Release|Any CPU.ActiveCfg = Release|Any CPU
		{E1BCBE44-5A5E-45EA-A890-FAD51139114B}.Release|Any CPU.Build.0 = Release|Any CPU
		{F147C565-5879-7E9D-09A7-6B354D28DE05}.Debug|Any CPU.ActiveCfg = Debug|Any CPU
		{F147C565-5879-7E9D-09A7-6B354D28DE05}.Debug|Any CPU.Build.0 = Debug|Any CPU
		{F147C565-5879-7E9D-09A7-6B354D28DE05}.Release|Any CPU.ActiveCfg = Release|Any CPU
		{F147C565-5879-7E9D-09A7-6B354D28DE05}.Release|Any CPU.Build.0 = Release|Any CPU
	EndGlobalSection
	GlobalSection(SolutionProperties) = preSolution
		HideSolutionNode = FALSE
	EndGlobalSection
	GlobalSection(ExtensibilityGlobals) = postSolution
		SolutionGuid = {852D976B-F047-4DCA-803F-DBEC766D6EA0}
	EndGlobalSection
EndGlobal
